
Microsoft Visual Studio Solution File, Format Version 12.00
# Visual Studio Version 17
VisualStudioVersion = 17.8.34309.116
MinimumVisualStudioVersion = 10.0.40219.1
Project("{8BC9CEB8-8B4A-11D0-8D11-00A0C91BC942}") = "RemoteCtrl", "RemoteCtrl\RemoteCtrl.vcxproj", "{CDB915F7-02E3-4BBD-905A-96940BEADADE}"
EndProject
Project("{8BC9CEB8-8B4A-11D0-8D11-00A0C91BC942}") = "RemoteClient", "RemoteClient\RemoteClient.vcxproj", "{3CC1789B-0B98-4B21-B5A3-2EEE9E48CD7E}"
EndProject
Global
	GlobalSection(SolutionConfigurationPlatforms) = preSolution
		Debug|x64 = Debug|x64
		Debug|x86 = Debug|x86
		Release|x64 = Release|x64
		Release|x86 = Release|x86
	EndGlobalSection
	GlobalSection(ProjectConfigurationPlatforms) = postSolution
		{CDB915F7-02E3-4BBD-905A-96940BEADADE}.Debug|x64.ActiveCfg = Debug|x64
		{CDB915F7-02E3-4BBD-905A-96940BEADADE}.Debug|x64.Build.0 = Debug|x64
		{CDB915F7-02E3-4BBD-905A-96940BEADADE}.Debug|x86.ActiveCfg = Debug|Win32
		{CDB915F7-02E3-4BBD-905A-96940BEADADE}.Debug|x86.Build.0 = Debug|Win32
		{CDB915F7-02E3-4BBD-905A-96940BEADADE}.Release|x64.ActiveCfg = Release|x64
		{CDB915F7-02E3-4BBD-905A-96940BEADADE}.Release|x64.Build.0 = Release|x64
		{CDB915F7-02E3-4BBD-905A-96940BEADADE}.Release|x86.ActiveCfg = Release|Win32
		{CDB915F7-02E3-4BBD-905A-96940BEADADE}.Release|x86.Build.0 = Release|Win32
		{3CC1789B-0B98-4B21-B5A3-2EEE9E48CD7E}.Debug|x64.ActiveCfg = Debug|x64
		{3CC1789B-0B98-4B21-B5A3-2EEE9E48CD7E}.Debug|x64.Build.0 = Debug|x64
		{3CC1789B-0B98-4B21-B5A3-2EEE9E48CD7E}.Debug|x86.ActiveCfg = Debug|Win32
		{3CC1789B-0B98-4B21-B5A3-2EEE9E48CD7E}.Debug|x86.Build.0 = Debug|Win32
		{3CC1789B-0B98-4B21-B5A3-2EEE9E48CD7E}.Release|x64.ActiveCfg = Release|x64
		{3CC1789B-0B98-4B21-B5A3-2EEE9E48CD7E}.Release|x64.Build.0 = Release|x64
		{3CC1789B-0B98-4B21-B5A3-2EEE9E48CD7E}.Release|x86.ActiveCfg = Release|Win32
		{3CC1789B-0B98-4B21-B5A3-2EEE9E48CD7E}.Release|x86.Build.0 = Release|Win32
	EndGlobalSection
	GlobalSection(SolutionProperties) = preSolution
		HideSolutionNode = FALSE
	EndGlobalSection
	GlobalSection(ExtensibilityGlobals) = postSolution
		SolutionGuid = {02C23E32-BD95-4AE8-931D-96F2CC9ABD1E}
	EndGlobalSection
EndGlobal
